
Microsoft Visual Studio Solution File, Format Version 12.00
# Visual Studio Version 17
VisualStudioVersion = 17.4.33213.308
MinimumVisualStudioVersion = 10.0.40219.1
Project("{9A19103F-16F7-4668-BE54-9A1E7A4F7556}") = "TeploAPI", "TeploAPI\TeploAPI.csproj", "{1FAE575B-6D8F-4337-B951-4319A2C683A0}"
EndProject
Project("{2150E333-8FDC-42A3-9474-1A3956D46DE8}") = "Solution Items", "Solution Items", "{CBA14656-6A96-482B-B46D-F641461B510C}"
	ProjectSection(SolutionItems) = preProject
		docker-compose.yml = docker-compose.yml
	EndProjectSection
EndProject
Project("{FAE04EC0-301F-11D3-BF4B-00C04F79EFBC}") = "TeploMath", "TeploMath\TeploMath.csproj", "{A00DC9C6-97B4-4AA6-B3F9-BDBE514D2BA5}"
EndProject
Project("{FAE04EC0-301F-11D3-BF4B-00C04F79EFBC}") = "TeploMathTest", "TeploMathTest\TeploMathTest.csproj", "{515E1645-37A1-46CF-B671-97203EB63B44}"
EndProject
Global
	GlobalSection(SolutionConfigurationPlatforms) = preSolution
		Debug|Any CPU = Debug|Any CPU
		Release|Any CPU = Release|Any CPU
	EndGlobalSection
	GlobalSection(ProjectConfigurationPlatforms) = postSolution
		{1FAE575B-6D8F-4337-B951-4319A2C683A0}.Debug|Any CPU.ActiveCfg = Debug|Any CPU
		{1FAE575B-6D8F-4337-B951-4319A2C683A0}.Debug|Any CPU.Build.0 = Debug|Any CPU
		{1FAE575B-6D8F-4337-B951-4319A2C683A0}.Release|Any CPU.ActiveCfg = Release|Any CPU
		{1FAE575B-6D8F-4337-B951-4319A2C683A0}.Release|Any CPU.Build.0 = Release|Any CPU
		{A00DC9C6-97B4-4AA6-B3F9-BDBE514D2BA5}.Debug|Any CPU.ActiveCfg = Debug|Any CPU
		{A00DC9C6-97B4-4AA6-B3F9-BDBE514D2BA5}.Debug|Any CPU.Build.0 = Debug|Any CPU
		{A00DC9C6-97B4-4AA6-B3F9-BDBE514D2BA5}.Release|Any CPU.ActiveCfg = Release|Any CPU
		{A00DC9C6-97B4-4AA6-B3F9-BDBE514D2BA5}.Release|Any CPU.Build.0 = Release|Any CPU
		{515E1645-37A1-46CF-B671-97203EB63B44}.Debug|Any CPU.ActiveCfg = Debug|Any CPU
		{515E1645-37A1-46CF-B671-97203EB63B44}.Debug|Any CPU.Build.0 = Debug|Any CPU
		{515E1645-37A1-46CF-B671-97203EB63B44}.Release|Any CPU.ActiveCfg = Release|Any CPU
		{515E1645-37A1-46CF-B671-97203EB63B44}.Release|Any CPU.Build.0 = Release|Any CPU
	EndGlobalSection
	GlobalSection(SolutionProperties) = preSolution
		HideSolutionNode = FALSE
	EndGlobalSection
	GlobalSection(ExtensibilityGlobals) = postSolution
		SolutionGuid = {7C3A17EC-43EA-427D-A56E-5BE358199871}
	EndGlobalSection
EndGlobal
